
Microsoft Visual Studio Solution File, Format Version 12.00
# Visual Studio Version 17
VisualStudioVersion = 17.0.31903.59
MinimumVisualStudioVersion = 10.0.40219.1
Project("{2150E333-8FDC-42A3-9474-1A3956D46DE8}") = "src", "src", "{827E0CD3-B72D-47B6-A68D-7590B98EB39B}"
EndProject
Project("{FAE04EC0-301F-11D3-BF4B-00C04F79EFBC}") = "SchemaDoc.Web", "src\SchemaDoc.Web\SchemaDoc.Web.csproj", "{865EEF3B-B15D-4943-A8DF-587B7BA964F0}"
EndProject
Project("{FAE04EC0-301F-11D3-BF4B-00C04F79EFBC}") = "SchemaDoc.Core", "src\SchemaDoc.Core\SchemaDoc.Core.csproj", "{56F341ED-6A3E-42C9-9840-65AEBC92AA46}"
EndProject
Project("{FAE04EC0-301F-11D3-BF4B-00C04F79EFBC}") = "SchemaDoc.Extraction", "src\SchemaDoc.Extraction\SchemaDoc.Extraction.csproj", "{7C116983-5999-4299-BBCA-819646A94903}"
EndProject
Project("{FAE04EC0-301F-11D3-BF4B-00C04F79EFBC}") = "SchemaDoc.Infrastructure", "src\SchemaDoc.Infrastructure\SchemaDoc.Infrastructure.csproj", "{16F5DEE0-7A42-47AA-A2AF-F6616A468BC7}"
EndProject
Project("{FAE04EC0-301F-11D3-BF4B-00C04F79EFBC}") = "SchemaDoc.Export", "src\SchemaDoc.Export\SchemaDoc.Export.csproj", "{E84E7058-875B-4E52-A7E8-778E25DA858C}"
EndProject
Project("{FAE04EC0-301F-11D3-BF4B-00C04F79EFBC}") = "SchemaDoc.Core.Tests", "tests\SchemaDoc.Core.Tests\SchemaDoc.Core.Tests.csproj", "{A9C6E4EE-EDA5-4258-9CC8-4CBED9FC6C97}"
EndProject
Project("{FAE04EC0-301F-11D3-BF4B-00C04F79EFBC}") = "SchemaDoc.Extraction.Tests", "tests\SchemaDoc.Extraction.Tests\SchemaDoc.Extraction.Tests.csproj", "{DF622287-4383-452D-A881-136781934C0B}"
EndProject
Global
	GlobalSection(SolutionConfigurationPlatforms) = preSolution
		Debug|Any CPU = Debug|Any CPU
		Debug|x64 = Debug|x64
		Debug|x86 = Debug|x86
		Release|Any CPU = Release|Any CPU
		Release|x64 = Release|x64
		Release|x86 = Release|x86
	EndGlobalSection
	GlobalSection(ProjectConfigurationPlatforms) = postSolution
		{865EEF3B-B15D-4943-A8DF-587B7BA964F0}.Debug|Any CPU.ActiveCfg = Debug|Any CPU
		{865EEF3B-B15D-4943-A8DF-587B7BA964F0}.Debug|Any CPU.Build.0 = Debug|Any CPU
		{865EEF3B-B15D-4943-A8DF-587B7BA964F0}.Debug|x64.ActiveCfg = Debug|Any CPU
		{865EEF3B-B15D-4943-A8DF-587B7BA964F0}.Debug|x64.Build.0 = Debug|Any CPU
		{865EEF3B-B15D-4943-A8DF-587B7BA964F0}.Debug|x86.ActiveCfg = Debug|Any CPU
		{865EEF3B-B15D-4943-A8DF-587B7BA964F0}.Debug|x86.Build.0 = Debug|Any CPU
		{865EEF3B-B15D-4943-A8DF-587B7BA964F0}.Release|Any CPU.ActiveCfg = Release|Any CPU
		{865EEF3B-B15D-4943-A8DF-587B7BA964F0}.Release|Any CPU.Build.0 = Release|Any CPU
		{865EEF3B-B15D-4943-A8DF-587B7BA964F0}.Release|x64.ActiveCfg = Release|Any CPU
		{865EEF3B-B15D-4943-A8DF-587B7BA964F0}.Release|x64.Build.0 = Release|Any CPU
		{865EEF3B-B15D-4943-A8DF-587B7BA964F0}.Release|x86.ActiveCfg = Release|Any CPU
		{865EEF3B-B15D-4943-A8DF-587B7BA964F0}.Release|x86.Build.0 = Release|Any CPU
		{56F341ED-6A3E-42C9-9840-65AEBC92AA46}.Debug|Any CPU.ActiveCfg = Debug|Any CPU
		{56F341ED-6A3E-42C9-9840-65AEBC92AA46}.Debug|Any CPU.Build.0 = Debug|Any CPU
		{56F341ED-6A3E-42C9-9840-65AEBC92AA46}.Debug|x64.ActiveCfg = Debug|Any CPU
		{56F341ED-6A3E-42C9-9840-65AEBC92AA46}.Debug|x64.Build.0 = Debug|Any CPU
		{56F341ED-6A3E-42C9-9840-65AEBC92AA46}.Debug|x86.ActiveCfg = Debug|Any CPU
		{56F341ED-6A3E-42C9-9840-65AEBC92AA46}.Debug|x86.Build.0 = Debug|Any CPU
		{56F341ED-6A3E-42C9-9840-65AEBC92AA46}.Release|Any CPU.ActiveCfg = Release|Any CPU
		{56F341ED-6A3E-42C9-9840-65AEBC92AA46}.Release|Any CPU.Build.0 = Release|Any CPU
		{56F341ED-6A3E-42C9-9840-65AEBC92AA46}.Release|x64.ActiveCfg = Release|Any CPU
		{56F341ED-6A3E-42C9-9840-65AEBC92AA46}.Release|x64.Build.0 = Release|Any CPU
		{56F341ED-6A3E-42C9-9840-65AEBC92AA46}.Release|x86.ActiveCfg = Release|Any CPU
		{56F341ED-6A3E-42C9-9840-65AEBC92AA46}.Release|x86.Build.0 = Release|Any CPU
		{7C116983-5999-4299-BBCA-819646A94903}.Debug|Any CPU.ActiveCfg = Debug|Any CPU
		{7C116983-5999-4299-BBCA-819646A94903}.Debug|Any CPU.Build.0 = Debug|Any CPU
		{7C116983-5999-4299-BBCA-819646A94903}.Debug|x64.ActiveCfg = Debug|Any CPU
		{7C116983-5999-4299-BBCA-819646A94903}.Debug|x64.Build.0 = Debug|Any CPU
		{7C116983-5999-4299-BBCA-819646A94903}.Debug|x86.ActiveCfg = Debug|Any CPU
		{7C116983-5999-4299-BBCA-819646A94903}.Debug|x86.Build.0 = Debug|Any CPU
		{7C116983-5999-4299-BBCA-819646A94903}.Release|Any CPU.ActiveCfg = Release|Any CPU
		{7C116983-5999-4299-BBCA-819646A94903}.Release|Any CPU.Build.0 = Release|Any CPU
		{7C116983-5999-4299-BBCA-819646A94903}.Release|x64.ActiveCfg = Release|Any CPU
		{7C116983-5999-4299-BBCA-819646A94903}.Release|x64.Build.0 = Release|Any CPU
		{7C116983-5999-4299-BBCA-819646A94903}.Release|x86.ActiveCfg = Release|Any CPU
		{7C116983-5999-4299-BBCA-819646A94903}.Release|x86.Build.0 = Release|Any CPU
		{16F5DEE0-7A42-47AA-A2AF-F6616A468BC7}.Debug|Any CPU.ActiveCfg = Debug|Any CPU
		{16F5DEE0-7A42-47AA-A2AF-F6616A468BC7}.Debug|Any CPU.Build.0 = Debug|Any CPU
		{16F5DEE0-7A42-47AA-A2AF-F6616A468BC7}.Debug|x64.ActiveCfg = Debug|Any CPU
		{16F5DEE0-7A42-47AA-A2AF-F6616A468BC7}.Debug|x64.Build.0 = Debug|Any CPU
		{16F5DEE0-7A42-47AA-A2AF-F6616A468BC7}.Debug|x86.ActiveCfg = Debug|Any CPU
		{16F5DEE0-7A42-47AA-A2AF-F6616A468BC7}.Debug|x86.Build.0 = Debug|Any CPU
		{16F5DEE0-7A42-47AA-A2AF-F6616A468BC7}.Release|Any CPU.ActiveCfg = Release|Any CPU
		{16F5DEE0-7A42-47AA-A2AF-F6616A468BC7}.Release|Any CPU.Build.0 = Release|Any CPU
		{16F5DEE0-7A42-47AA-A2AF-F6616A468BC7}.Release|x64.ActiveCfg = Release|Any CPU
		{16F5DEE0-7A42-47AA-A2AF-F6616A468BC7}.Release|x64.Build.0 = Release|Any CPU
		{16F5DEE0-7A42-47AA-A2AF-F6616A468BC7}.Release|x86.ActiveCfg = Release|Any CPU
		{16F5DEE0-7A42-47AA-A2AF-F6616A468BC7}.Release|x86.Build.0 = Release|Any CPU
		{E84E7058-875B-4E52-A7E8-778E25DA858C}.Debug|Any CPU.ActiveCfg = Debug|Any CPU
		{E84E7058-875B-4E52-A7E8-778E25DA858C}.Debug|Any CPU.Build.0 = Debug|Any CPU
		{E84E7058-875B-4E52-A7E8-778E25DA858C}.Debug|x64.ActiveCfg = Debug|Any CPU
		{E84E7058-875B-4E52-A7E8-778E25DA858C}.Debug|x64.Build.0 = Debug|Any CPU
		{E84E7058-875B-4E52-A7E8-778E25DA858C}.Debug|x86.ActiveCfg = Debug|Any CPU
		{E84E7058-875B-4E52-A7E8-778E25DA858C}.Debug|x86.Build.0 = Debug|Any CPU
		{E84E7058-875B-4E52-A7E8-778E25DA858C}.Release|Any CPU.ActiveCfg = Release|Any CPU
		{E84E7058-875B-4E52-A7E8-778E25DA858C}.Release|Any CPU.Build.0 = Release|Any CPU
		{E84E7058-875B-4E52-A7E8-778E25DA858C}.Release|x64.ActiveCfg = Release|Any CPU
		{E84E7058-875B-4E52-A7E8-778E25DA858C}.Release|x64.Build.0 = Release|Any CPU
		{E84E7058-875B-4E52-A7E8-778E25DA858C}.Release|x86.ActiveCfg = Release|Any CPU
		{E84E7058-875B-4E52-A7E8-778E25DA858C}.Release|x86.Build.0 = Release|Any CPU
		{A9C6E4EE-EDA5-4258-9CC8-4CBED9FC6C97}.Debug|Any CPU.ActiveCfg = Debug|Any CPU
		{A9C6E4EE-EDA5-4258-9CC8-4CBED9FC6C97}.Debug|Any CPU.Build.0 = Debug|Any CPU
		{A9C6E4EE-EDA5-4258-9CC8-4CBED9FC6C97}.Debug|x64.ActiveCfg = Debug|Any CPU
		{A9C6E4EE-EDA5-4258-9CC8-4CBED9FC6C97}.Debug|x64.Build.0 = Debug|Any CPU
		{A9C6E4EE-EDA5-4258-9CC8-4CBED9FC6C97}.Debug|x86.ActiveCfg = Debug|Any CPU
		{A9C6E4EE-EDA5-4258-9CC8-4CBED9FC6C97}.Debug|x86.Build.0 = Debug|Any CPU
		{A9C6E4EE-EDA5-4258-9CC8-4CBED9FC6C97}.Release|Any CPU.ActiveCfg = Release|Any CPU
		{A9C6E4EE-EDA5-4258-9CC8-4CBED9FC6C97}.Release|Any CPU.Build.0 = Release|Any CPU
		{A9C6E4EE-EDA5-4258-9CC8-4CBED9FC6C97}.Release|x64.ActiveCfg = Release|Any CPU
		{A9C6E4EE-EDA5-4258-9CC8-4CBED9FC6C97}.Release|x64.Build.0 = Release|Any CPU
		{A9C6E4EE-EDA5-4258-9CC8-4CBED9FC6C97}.Release|x86.ActiveCfg = Release|Any CPU
		{A9C6E4EE-EDA5-4258-9CC8-4CBED9FC6C97}.Release|x86.Build.0 = Release|Any CPU
		{DF622287-4383-452D-A881-136781934C0B}.Debug|Any CPU.ActiveCfg = Debug|Any CPU
		{DF622287-4383-452D-A881-136781934C0B}.Debug|Any CPU.Build.0 = Debug|Any CPU
		{DF622287-4383-452D-A881-136781934C0B}.Debug|x64.ActiveCfg = Debug|Any CPU
		{DF622287-4383-452D-A881-136781934C0B}.Debug|x64.Build.0 = Debug|Any CPU
		{DF622287-4383-452D-A881-136781934C0B}.Debug|x86.ActiveCfg = Debug|Any CPU
		{DF622287-4383-452D-A881-136781934C0B}.Debug|x86.Build.0 = Debug|Any CPU
		{DF622287-4383-452D-A881-136781934C0B}.Release|Any CPU.ActiveCfg = Release|Any CPU
		{DF622287-4383-452D-A881-136781934C0B}.Release|Any CPU.Build.0 = Release|Any CPU
		{DF622287-4383-452D-A881-136781934C0B}.Release|x64.ActiveCfg = Release|Any CPU
		{DF622287-4383-452D-A881-136781934C0B}.Release|x64.Build.0 = Release|Any CPU
		{DF622287-4383-452D-A881-136781934C0B}.Release|x86.ActiveCfg = Release|Any CPU
		{DF622287-4383-452D-A881-136781934C0B}.Release|x86.Build.0 = Release|Any CPU
	EndGlobalSection
	GlobalSection(SolutionProperties) = preSolution
		HideSolutionNode = FALSE
	EndGlobalSection
	GlobalSection(NestedProjects) = preSolution
		{865EEF3B-B15D-4943-A8DF-587B7BA964F0} = {827E0CD3-B72D-47B6-A68D-7590B98EB39B}
		{56F341ED-6A3E-42C9-9840-65AEBC92AA46} = {827E0CD3-B72D-47B6-A68D-7590B98EB39B}
		{7C116983-5999-4299-BBCA-819646A94903} = {827E0CD3-B72D-47B6-A68D-7590B98EB39B}
		{16F5DEE0-7A42-47AA-A2AF-F6616A468BC7} = {827E0CD3-B72D-47B6-A68D-7590B98EB39B}
		{E84E7058-875B-4E52-A7E8-778E25DA858C} = {827E0CD3-B72D-47B6-A68D-7590B98EB39B}
		{A9C6E4EE-EDA5-4258-9CC8-4CBED9FC6C97} = {827E0CD3-B72D-47B6-A68D-7590B98EB39B}
		{DF622287-4383-452D-A881-136781934C0B} = {827E0CD3-B72D-47B6-A68D-7590B98EB39B}
	EndGlobalSection
EndGlobal
